
Microsoft Visual Studio Solution File, Format Version 12.00
# Visual Studio 15
Project("{FAE04EC0-301F-11D3-BF4B-00C04F79EFBC}") = "AtarnityTest", "AtarnityTest\AtarnityTest.csproj", "{B80E366B-24AC-4261-98FD-AEA03FA72E25}"
EndProject
Global
	GlobalSection(SolutionConfigurationPlatforms) = preSolution
		Debug|Any CPU = Debug|Any CPU
		Release|Any CPU = Release|Any CPU
	EndGlobalSection
	GlobalSection(ProjectConfigurationPlatforms) = postSolution
		{B80E366B-24AC-4261-98FD-AEA03FA72E25}.Debug|Any CPU.ActiveCfg = Debug|Any CPU
		{B80E366B-24AC-4261-98FD-AEA03FA72E25}.Debug|Any CPU.Build.0 = Debug|Any CPU
		{B80E366B-24AC-4261-98FD-AEA03FA72E25}.Release|Any CPU.ActiveCfg = Release|Any CPU
		{B80E366B-24AC-4261-98FD-AEA03FA72E25}.Release|Any CPU.Build.0 = Release|Any CPU
	EndGlobalSection
EndGlobal
